// !$*UTF8*$!
{
	archiveVersion = 1;
	classes = {
	};
	objectVersion = 50;
	objects = {

/* Begin PBXBuildFile section */
		C3BB32B224645E2000750103 /* AppDelegate.swift in Sources */ = {isa = PBXBuildFile; fileRef = C3BB32B124645E2000750103 /* AppDelegate.swift */; };
		C3BB32B424645E2000750103 /* SceneDelegate.swift in Sources */ = {isa = PBXBuildFile; fileRef = C3BB32B324645E2000750103 /* SceneDelegate.swift */; };
		C3BB32B624645E2000750103 /* ViewController.swift in Sources */ = {isa = PBXBuildFile; fileRef = C3BB32B524645E2000750103 /* ViewController.swift */; };
		C3BB32B924645E2000750103 /* Main.storyboard in Resources */ = {isa = PBXBuildFile; fileRef = C3BB32B724645E2000750103 /* Main.storyboard */; };
		C3BB32BB24645E2200750103 /* Assets.xcassets in Resources */ = {isa = PBXBuildFile; fileRef = C3BB32BA24645E2200750103 /* Assets.xcassets */; };
		C3BB32BE24645E2200750103 /* LaunchScreen.storyboard in Resources */ = {isa = PBXBuildFile; fileRef = C3BB32BC24645E2200750103 /* LaunchScreen.storyboard */; };
		C3BB32C624645F6700750103 /* FirstChildVC.swift in Sources */ = {isa = PBXBuildFile; fileRef = C3BB32C524645F6700750103 /* FirstChildVC.swift */; };
		C3BB32CB24645FB000750103 /* ThirdChildVC.swift in Sources */ = {isa = PBXBuildFile; fileRef = C3BB32CA24645FB000750103 /* ThirdChildVC.swift */; };
		C3F2C24D2464616E00607378 /* SecondChildVC.swift in Sources */ = {isa = PBXBuildFile; fileRef = C3F2C24C2464616E00607378 /* SecondChildVC.swift */; };
/* End PBXBuildFile section */

/* Begin PBXFileReference section */
		C3BB32AE24645E2000750103 /* ContainerViewProject.app */ = {isa = PBXFileReference; explicitFileType = wrapper.application; includeInIndex = 0; path = ContainerViewProject.app; sourceTree = BUILT_PRODUCTS_DIR; };
		C3BB32B124645E2000750103 /* AppDelegate.swift */ = {isa = PBXFileReference; lastKnownFileType = sourcecode.swift; path = AppDelegate.swift; sourceTree = "<group>"; };
		C3BB32B324645E2000750103 /* SceneDelegate.swift */ = {isa = PBXFileReference; lastKnownFileType = sourcecode.swift; path = SceneDelegate.swift; sourceTree = "<group>"; };
		C3BB32B524645E2000750103 /* ViewController.swift */ = {isa = PBXFileReference; lastKnownFileType = sourcecode.swift; path = ViewController.swift; sourceTree = "<group>"; };
		C3BB32B824645E2000750103 /* Base */ = {isa = PBXFileReference; lastKnownFileType = file.storyboard; name = Base; path = Base.lproj/Main.storyboard; sourceTree = "<group>"; };
		C3BB32BA24645E2200750103 /* Assets.xcassets */ = {isa = PBXFileReference; lastKnownFileType = folder.assetcatalog; path = Assets.xcassets; sourceTree = "<group>"; };
		C3BB32BD24645E2200750103 /* Base */ = {isa = PBXFileReference; lastKnownFileType = file.storyboard; name = Base; path = Base.lproj/LaunchScreen.storyboard; sourceTree = "<group>"; };
		C3BB32BF24645E2200750103 /* Info.plist */ = {isa = PBXFileReference; lastKnownFileType = text.plist.xml; path = Info.plist; sourceTree = "<group>"; };
		C3BB32C524645F6700750103 /* FirstChildVC.swift */ = {isa = PBXFileReference; lastKnownFileType = sourcecode.swift; path = FirstChildVC.swift; sourceTree = "<group>"; };
		C3BB32CA24645FB000750103 /* ThirdChildVC.swift */ = {isa = PBXFileReference; lastKnownFileType = sourcecode.swift; path = ThirdChildVC.swift; sourceTree = "<group>"; };
		C3F2C24C2464616E00607378 /* SecondChildVC.swift */ = {isa = PBXFileReference; lastKnownFileType = sourcecode.swift; path = SecondChildVC.swift; sourceTree = "<group>"; };
/* End PBXFileReference section */

/* Begin PBXFrameworksBuildPhase section */
		C3BB32AB24645E2000750103 /* Frameworks */ = {
			isa = PBXFrameworksBuildPhase;
			buildActionMask = 2147483647;
			files = (
			);
			runOnlyForDeploymentPostprocessing = 0;
		};
/* End PBXFrameworksBuildPhase section */

/* Begin PBXGroup section */
		C3BB32A524645E2000750103 = {
			isa = PBXGroup;
			children = (
				C3BB32B024645E2000750103 /* ContainerViewProject */,
				C3BB32AF24645E2000750103 /* Products */,
			);
			sourceTree = "<group>";
		};
		C3BB32AF24645E2000750103 /* Products */ = {
			isa = PBXGroup;
			children = (
				C3BB32AE24645E2000750103 /* ContainerViewProject.app */,
			);
			name = Products;
			sourceTree = "<group>";
		};
		C3BB32B024645E2000750103 /* ContainerViewProject */ = {
			isa = PBXGroup;
			children = (
				C3BB32C924645F8100750103 /* ViewControllers */,
				C3BB32B724645E2000750103 /* Main.storyboard */,
				C3BB32BA24645E2200750103 /* Assets.xcassets */,
				C3BB32BC24645E2200750103 /* LaunchScreen.storyboard */,
				C3BB32BF24645E2200750103 /* Info.plist */,
			);
			path = ContainerViewProject;
			sourceTree = "<group>";
		};
		C3BB32C924645F8100750103 /* ViewControllers */ = {
			isa = PBXGroup;
			children = (
				C3BB32B124645E2000750103 /* AppDelegate.swift */,
				C3BB32B324645E2000750103 /* SceneDelegate.swift */,
				C3BB32B524645E2000750103 /* ViewController.swift */,
				C3BB32C524645F6700750103 /* FirstChildVC.swift */,
				C3F2C24C2464616E00607378 /* SecondChildVC.swift */,
				C3BB32CA24645FB000750103 /* ThirdChildVC.swift */,
			);
			path = ViewControllers;
			sourceTree = "<group>";
		};
/* End PBXGroup section */

/* Begin PBXNativeTarget section */
		C3BB32AD24645E2000750103 /* ContainerViewProject */ = {
			isa = PBXNativeTarget;
			buildConfigurationList = C3BB32C224645E2200750103 /* Build configuration list for PBXNativeTarget "ContainerViewProject" */;
			buildPhases = (
				C3BB32AA24645E2000750103 /* Sources */,
				C3BB32AB24645E2000750103 /* Frameworks */,
				C3BB32AC24645E2000750103 /* Resources */,
			);
			buildRules = (
			);
			dependencies = (
			);
			name = ContainerViewProject;
			productName = ContainerViewProject;
			productReference = C3BB32AE24645E2000750103 /* ContainerViewProject.app */;
			productType = "com.apple.product-type.application";
		};
/* End PBXNativeTarget section */

/* Begin PBXProject section */
		C3BB32A624645E2000750103 /* Project object */ = {
			isa = PBXProject;
			attributes = {
				LastSwiftUpdateCheck = 1140;
				LastUpgradeCheck = 1140;
				ORGANIZATIONNAME = "Ruslan Murin";
				TargetAttributes = {
					C3BB32AD24645E2000750103 = {
						CreatedOnToolsVersion = 11.4.1;
					};
				};
			};
			buildConfigurationList = C3BB32A924645E2000750103 /* Build configuration list for PBXProject "ContainerViewProject" */;
			compatibilityVersion = "Xcode 9.3";
			developmentRegion = en;
			hasScannedForEncodings = 0;
			knownRegions = (
				en,
				Base,
			);
			mainGroup = C3BB32A524645E2000750103;
			productRefGroup = C3BB32AF24645E2000750103 /* Products */;
			projectDirPath = "";
			projectRoot = "";
			targets = (
				C3BB32AD24645E2000750103 /* ContainerViewProject */,
			);
		};
/* End PBXProject section */

/* Begin PBXResourcesBuildPhase section */
		C3BB32AC24645E2000750103 /* Resources */ = {
			isa = PBXResourcesBuildPhase;
			buildActionMask = 2147483647;
			files = (
				C3BB32BE24645E2200750103 /* LaunchScreen.storyboard in Resources */,
				C3BB32BB24645E2200750103 /* Assets.xcassets in Resources */,
				C3BB32B924645E2000750103 /* Main.storyboard in Resources */,
			);
			runOnlyForDeploymentPostprocessing = 0;
		};
/* End PBXResourcesBuildPhase section */

/* Begin PBXSourcesBuildPhase section */
		C3BB32AA24645E2000750103 /* Sources */ = {
			isa = PBXSourcesBuildPhase;
			buildActionMask = 2147483647;
			files = (
				C3BB32B624645E2000750103 /* ViewController.swift in Sources */,
				C3BB32B224645E2000750103 /* AppDelegate.swift in Sources */,
				C3BB32CB24645FB000750103 /* ThirdChildVC.swift in Sources */,
				C3F2C24D2464616E00607378 /* SecondChildVC.swift in Sources */,
				C3BB32C624645F6700750103 /* FirstChildVC.swift in Sources */,
				C3BB32B424645E2000750103 /* SceneDelegate.swift in Sources */,
			);
			runOnlyForDeploymentPostprocessing = 0;
		};
/* End PBXSourcesBuildPhase section */

/* Begin PBXVariantGroup section */
		C3BB32B724645E2000750103 /* Main.storyboard */ = {
			isa = PBXVariantGroup;
			children = (
				C3BB32B824645E2000750103 /* Base */,
			);
			name = Main.storyboard;
			sourceTree = "<group>";
		};
		C3BB32BC24645E2200750103 /* LaunchScreen.storyboard */ = {
			isa = PBXVariantGroup;
			children = (
				C3BB32BD24645E2200750103 /* Base */,
			);
			name = LaunchScreen.storyboard;
			sourceTree = "<group>";
		};
/* End PBXVariantGroup section */

/* Begin XCBuildConfiguration section */
		C3BB32C024645E2200750103 /* Debug */ = {
			isa = XCBuildConfiguration;
			buildSettings = {
				ALWAYS_SEARCH_USER_PATHS = NO;
				CLANG_ANALYZER_NONNULL = YES;
				CLANG_ANALYZER_NUMBER_OBJECT_CONVERSION = YES_AGGRESSIVE;
				CLANG_CXX_LANGUAGE_STANDARD = "gnu++14";
				CLANG_CXX_LIBRARY = "libc++";
				CLANG_ENABLE_MODULES = YES;
				CLANG_ENABLE_OBJC_ARC = YES;
				CLANG_ENABLE_OBJC_WEAK = YES;
				CLANG_WARN_BLOCK_CAPTURE_AUTORELEASING = YES;
				CLANG_WARN_BOOL_CONVERSION = YES;
				CLANG_WARN_COMMA = YES;
				CLANG_WARN_CONSTANT_CONVERSION = YES;
				CLANG_WARN_DEPRECATED_OBJC_IMPLEMENTATIONS = YES;
				CLANG_WARN_DIRECT_OBJC_ISA_USAGE = YES_ERROR;
				CLANG_WARN_DOCUMENTATION_COMMENTS = YES;
				CLANG_WARN_EMPTY_BODY = YES;
				CLANG_WARN_ENUM_CONVERSION = YES;
				CLANG_WARN_INFINITE_RECURSION = YES;
				CLANG_WARN_INT_CONVERSION = YES;
				CLANG_WARN_NON_LITERAL_NULL_CONVERSION = YES;
				CLANG_WARN_OBJC_IMPLICIT_RETAIN_SELF = YES;
				CLANG_WARN_OBJC_LITERAL_CONVERSION = YES;
				CLANG_WARN_OBJC_ROOT_CLASS = YES_ERROR;
				CLANG_WARN_RANGE_LOOP_ANALYSIS = YES;
				CLANG_WARN_STRICT_PROTOTYPES = YES;
				CLANG_WARN_SUSPICIOUS_MOVE = YES;
				CLANG_WARN_UNGUARDED_AVAILABILITY = YES_AGGRESSIVE;
				CLANG_WARN_UNREACHABLE_CODE = YES;
				CLANG_WARN__DUPLICATE_METHOD_MATCH = YES;
				COPY_PHASE_STRIP = NO;
				DEBUG_INFORMATION_FORMAT = dwarf;
				ENABLE_STRICT_OBJC_MSGSEND = YES;
				ENABLE_TESTABILITY = YES;
				GCC_C_LANGUAGE_STANDARD = gnu11;
				GCC_DYNAMIC_NO_PIC = NO;
				GCC_NO_COMMON_BLOCKS = YES;
				GCC_OPTIMIZATION_LEVEL = 0;
				GCC_PREPROCESSOR_DEFINITIONS = (
					"DEBUG=1",
					"$(inherited)",
				);
				GCC_WARN_64_TO_32_BIT_CONVERSION = YES;
				GCC_WARN_ABOUT_RETURN_TYPE = YES_ERROR;
				GCC_WARN_UNDECLARED_SELECTOR = YES;
				GCC_WARN_UNINITIALIZED_AUTOS = YES_AGGRESSIVE;
				GCC_WARN_UNUSED_FUNCTION = YES;
				GCC_WARN_UNUSED_VARIABLE = YES;
				IPHONEOS_DEPLOYMENT_TARGET = 13.4;
				MTL_ENABLE_DEBUG_INFO = INCLUDE_SOURCE;
				MTL_FAST_MATH = YES;
				ONLY_ACTIVE_ARCH = YES;
				SDKROOT = iphoneos;
				SWIFT_ACTIVE_COMPILATION_CONDITIONS = DEBUG;
				SWIFT_OPTIMIZATION_LEVEL = "-Onone";
			};
			name = Debug;
		};
		C3BB32C124645E2200750103 /* Release */ = {
			isa = XCBuildConfiguration;
			buildSettings = {
				ALWAYS_SEARCH_USER_PATHS = NO;
				CLANG_ANALYZER_NONNULL = YES;
				CLANG_ANALYZER_NUMBER_OBJECT_CONVERSION = YES_AGGRESSIVE;
				CLANG_CXX_LANGUAGE_STANDARD = "gnu++14";
				CLANG_CXX_LIBRARY = "libc++";
				CLANG_ENABLE_MODULES = YES;
				CLANG_ENABLE_OBJC_ARC = YES;
				CLANG_ENABLE_OBJC_WEAK = YES;
				CLANG_WARN_BLOCK_CAPTURE_AUTORELEASING = YES;
				CLANG_WARN_BOOL_CONVERSION = YES;
				CLANG_WARN_COMMA = YES;
				CLANG_WARN_CONSTANT_CONVERSION = YES;
				CLANG_WARN_DEPRECATED_OBJC_IMPLEMENTATIONS = YES;
				CLANG_WARN_DIRECT_OBJC_ISA_USAGE = YES_ERROR;
				CLANG_WARN_DOCUMENTATION_COMMENTS = YES;
				CLANG_WARN_EMPTY_BODY = YES;
				CLANG_WARN_ENUM_CONVERSION = YES;
				CLANG_WARN_INFINITE_RECURSION = YES;
				CLANG_WARN_INT_CONVERSION = YES;
				CLANG_WARN_NON_LITERAL_NULL_CONVERSION = YES;
				CLANG_WARN_OBJC_IMPLICIT_RETAIN_SELF = YES;
				CLANG_WARN_OBJC_LITERAL_CONVERSION = YES;
				CLANG_WARN_OBJC_ROOT_CLASS = YES_ERROR;
				CLANG_WARN_RANGE_LOOP_ANALYSIS = YES;
				CLANG_WARN_STRICT_PROTOTYPES = YES;
				CLANG_WARN_SUSPICIOUS_MOVE = YES;
				CLANG_WARN_UNGUARDED_AVAILABILITY = YES_AGGRESSIVE;
				CLANG_WARN_UNREACHABLE_CODE = YES;
				CLANG_WARN__DUPLICATE_METHOD_MATCH = YES;
				COPY_PHASE_STRIP = NO;
				DEBUG_INFORMATION_FORMAT = "dwarf-with-dsym";
				ENABLE_NS_ASSERTIONS = NO;
				ENABLE_STRICT_OBJC_MSGSEND = YES;
				GCC_C_LANGUAGE_STANDARD = gnu11;
				GCC_NO_COMMON_BLOCKS = YES;
				GCC_WARN_64_TO_32_BIT_CONVERSION = YES;
				GCC_WARN_ABOUT_RETURN_TYPE = YES_ERROR;
				GCC_WARN_UNDECLARED_SELECTOR = YES;
				GCC_WARN_UNINITIALIZED_AUTOS = YES_AGGRESSIVE;
				GCC_WARN_UNUSED_FUNCTION = YES;
				GCC_WARN_UNUSED_VARIABLE = YES;
				IPHONEOS_DEPLOYMENT_TARGET = 13.4;
				MTL_ENABLE_DEBUG_INFO = NO;
				MTL_FAST_MATH = YES;
				SDKROOT = iphoneos;
				SWIFT_COMPILATION_MODE = wholemodule;
				SWIFT_OPTIMIZATION_LEVEL = "-O";
				VALIDATE_PRODUCT = YES;
			};
			name = Release;
		};
		C3BB32C324645E2200750103 /* Debug */ = {
			isa = XCBuildConfiguration;
			buildSettings = {
				ASSETCATALOG_COMPILER_APPICON_NAME = AppIcon;
				CODE_SIGN_STYLE = Automatic;
				DEVELOPMENT_TEAM = QU9GUU5KMV;
				INFOPLIST_FILE = ContainerViewProject/Info.plist;
				LD_RUNPATH_SEARCH_PATHS = (
					"$(inherited)",
					"@executable_path/Frameworks",
				);
				PRODUCT_BUNDLE_IDENTIFIER = com.rslnmurin.ContainerViewProject;
				PRODUCT_NAME = "$(TARGET_NAME)";
				SWIFT_VERSION = 5.0;
				TARGETED_DEVICE_FAMILY = "1,2";
			};
			name = Debug;
		};
		C3BB32C424645E2200750103 /* Release */ = {
			isa = XCBuildConfiguration;
			buildSettings = {
				ASSETCATALOG_COMPILER_APPICON_NAME = AppIcon;
				CODE_SIGN_STYLE = Automatic;
				DEVELOPMENT_TEAM = QU9GUU5KMV;
				INFOPLIST_FILE = ContainerViewProject/Info.plist;
				LD_RUNPATH_SEARCH_PATHS = (
					"$(inherited)",
					"@executable_path/Frameworks",
				);
				PRODUCT_BUNDLE_IDENTIFIER = com.rslnmurin.ContainerViewProject;
				PRODUCT_NAME = "$(TARGET_NAME)";
				SWIFT_VERSION = 5.0;
				TARGETED_DEVICE_FAMILY = "1,2";
			};
			name = Release;
		};
/* End XCBuildConfiguration section */

/* Begin XCConfigurationList section */
		C3BB32A924645E2000750103 /* Build configuration list for PBXProject "ContainerViewProject" */ = {
			isa = XCConfigurationList;
			buildConfigurations = (
				C3BB32C024645E2200750103 /* Debug */,
				C3BB32C124645E2200750103 /* Release */,
			);
			defaultConfigurationIsVisible = 0;
			defaultConfigurationName = Release;
		};
		C3BB32C224645E2200750103 /* Build configuration list for PBXNativeTarget "ContainerViewProject" */ = {
			isa = XCConfigurationList;
			buildConfigurations = (
				C3BB32C324645E2200750103 /* Debug */,
				C3BB32C424645E2200750103 /* Release */,
			);
			defaultConfigurationIsVisible = 0;
			defaultConfigurationName = Release;
		};
/* End XCConfigurationList section */
	};
	rootObject = C3BB32A624645E2000750103 /* Project object */;
}
